
Microsoft Visual Studio Solution File, Format Version 12.00
# Visual Studio Version 16
VisualStudioVersion = 16.0.29509.3
MinimumVisualStudioVersion = 10.0.40219.1
Project("{F184B08F-C81C-45F6-A57F-5ABD9991F28F}") = "ProyectoFinal_ASP", "ProyectoFinal_ASP\ProyectoFinal_ASP.vbproj", "{FF84CA3D-3D87-4CE1-92C3-00DAAF241F31}"
EndProject
Global
	GlobalSection(SolutionConfigurationPlatforms) = preSolution
		Debug|Any CPU = Debug|Any CPU
		Release|Any CPU = Release|Any CPU
	EndGlobalSection
	GlobalSection(ProjectConfigurationPlatforms) = postSolution
		{FF84CA3D-3D87-4CE1-92C3-00DAAF241F31}.Debug|Any CPU.ActiveCfg = Debug|Any CPU
		{FF84CA3D-3D87-4CE1-92C3-00DAAF241F31}.Debug|Any CPU.Build.0 = Debug|Any CPU
		{FF84CA3D-3D87-4CE1-92C3-00DAAF241F31}.Release|Any CPU.ActiveCfg = Release|Any CPU
		{FF84CA3D-3D87-4CE1-92C3-00DAAF241F31}.Release|Any CPU.Build.0 = Release|Any CPU
	EndGlobalSection
	GlobalSection(SolutionProperties) = preSolution
		HideSolutionNode = FALSE
	EndGlobalSection
	GlobalSection(ExtensibilityGlobals) = postSolution
		SolutionGuid = {397E6993-B4CD-4577-89C9-521600F747EB}
	EndGlobalSection
EndGlobal
